
Microsoft Visual Studio Solution File, Format Version 12.00
# Visual Studio Version 16
VisualStudioVersion = 16.0.31729.503
MinimumVisualStudioVersion = 10.0.40219.1
Project("{FAE04EC0-301F-11D3-BF4B-00C04F79EFBC}") = "appsec", "appsec.csproj", "{28F978BB-1E28-4F64-9D07-DD9D6E532327}"
EndProject
Global
	GlobalSection(SolutionConfigurationPlatforms) = preSolution
		Debug|Any CPU = Debug|Any CPU
		Release|Any CPU = Release|Any CPU
	EndGlobalSection
	GlobalSection(ProjectConfigurationPlatforms) = postSolution
		{28F978BB-1E28-4F64-9D07-DD9D6E532327}.Debug|Any CPU.ActiveCfg = Debug|Any CPU
		{28F978BB-1E28-4F64-9D07-DD9D6E532327}.Debug|Any CPU.Build.0 = Debug|Any CPU
		{28F978BB-1E28-4F64-9D07-DD9D6E532327}.Release|Any CPU.ActiveCfg = Release|Any CPU
		{28F978BB-1E28-4F64-9D07-DD9D6E532327}.Release|Any CPU.Build.0 = Release|Any CPU
	EndGlobalSection
	GlobalSection(SolutionProperties) = preSolution
		HideSolutionNode = FALSE
	EndGlobalSection
	GlobalSection(ExtensibilityGlobals) = postSolution
		SolutionGuid = {557D325E-F315-4876-94A6-8F4182370BC4}
	EndGlobalSection
EndGlobal
